
Microsoft Visual Studio Solution File, Format Version 12.00
# Visual Studio Version 16
VisualStudioVersion = 16.0.33927.289
MinimumVisualStudioVersion = 10.0.40219.1
Project("{FAE04EC0-301F-11D3-BF4B-00C04F79EFBC}") = "WebApplication1", "WebApplication1\WebApplication1.csproj", "{970C7795-9D70-43FE-8A68-0C36142FDB12}"
EndProject
Global
	GlobalSection(SolutionConfigurationPlatforms) = preSolution
		Debug|Any CPU = Debug|Any CPU
		Release|Any CPU = Release|Any CPU
	EndGlobalSection
	GlobalSection(ProjectConfigurationPlatforms) = postSolution
		{970C7795-9D70-43FE-8A68-0C36142FDB12}.Debug|Any CPU.ActiveCfg = Debug|Any CPU
		{970C7795-9D70-43FE-8A68-0C36142FDB12}.Debug|Any CPU.Build.0 = Debug|Any CPU
		{970C7795-9D70-43FE-8A68-0C36142FDB12}.Release|Any CPU.ActiveCfg = Release|Any CPU
		{970C7795-9D70-43FE-8A68-0C36142FDB12}.Release|Any CPU.Build.0 = Release|Any CPU
	EndGlobalSection
	GlobalSection(SolutionProperties) = preSolution
		HideSolutionNode = FALSE
	EndGlobalSection
	GlobalSection(ExtensibilityGlobals) = postSolution
		SolutionGuid = {D835B835-FA0C-4951-B1A7-37AE9B0F7820}
	EndGlobalSection
EndGlobal
